
Microsoft Visual Studio Solution File, Format Version 12.00
# Visual Studio Version 17
VisualStudioVersion = 17.13.35818.85
MinimumVisualStudioVersion = 10.0.40219.1
Project("{FAE04EC0-301F-11D3-BF4B-00C04F79EFBC}") = "GameStore_Inventory", "GameStore_Inventory.csproj", "{5B6D184B-09D9-4132-8CE3-8F8582BF4EA6}"
EndProject
Global
	GlobalSection(SolutionConfigurationPlatforms) = preSolution
		Debug|Any CPU = Debug|Any CPU
		Release|Any CPU = Release|Any CPU
	EndGlobalSection
	GlobalSection(ProjectConfigurationPlatforms) = postSolution
		{5B6D184B-09D9-4132-8CE3-8F8582BF4EA6}.Debug|Any CPU.ActiveCfg = Debug|Any CPU
		{5B6D184B-09D9-4132-8CE3-8F8582BF4EA6}.Debug|Any CPU.Build.0 = Debug|Any CPU
		{5B6D184B-09D9-4132-8CE3-8F8582BF4EA6}.Release|Any CPU.ActiveCfg = Debug|Any CPU
		{5B6D184B-09D9-4132-8CE3-8F8582BF4EA6}.Release|Any CPU.Build.0 = Debug|Any CPU
	EndGlobalSection
	GlobalSection(SolutionProperties) = preSolution
		HideSolutionNode = FALSE
	EndGlobalSection
	GlobalSection(ExtensibilityGlobals) = postSolution
		SolutionGuid = {ABC2EE83-F5E8-4B13-B774-09DD2D57BC72}
	EndGlobalSection
EndGlobal
